
Microsoft Visual Studio Solution File, Format Version 11.00
# Visual Studio 2010
Project("{8BC9CEB8-8B4A-11D0-8D11-00A0C91BC942}") = "MageNet", "MageNet.vcxproj", "{3311E5F1-A021-4F39-9CB2-AEAD5A9F55E5}"
EndProject
Project("{8BC9CEB8-8B4A-11D0-8D11-00A0C91BC942}") = "TestClient", "TestProjects\TestClient\TestClient.vcxproj", "{1C6EABE7-AEAE-44DE-8A4E-3D7F20F197CC}"
EndProject
Project("{8BC9CEB8-8B4A-11D0-8D11-00A0C91BC942}") = "TestServer", "TestProjects\TestServer\TestServer.vcxproj", "{C90456B5-0A7F-47DD-BC30-889633B00F94}"
EndProject
Project("{2150E333-8FDC-42A3-9474-1A3956D46DE8}") = "lib", "lib", "{DFD80EC5-54CC-48E2-AB50-1A86ADDCCEAF}"
EndProject
Project("{8BC9CEB8-8B4A-11D0-8D11-00A0C91BC942}") = "MageCore", "..\MageCore\MageCore.vcxproj", "{6619210F-3761-45A5-97A4-7DB220CE059C}"
EndProject
Project("{8BC9CEB8-8B4A-11D0-8D11-00A0C91BC942}") = "MageMath", "..\MageMath\MageMath.vcxproj", "{CF2592D2-C89B-4CC5-884D-E97CC1DCBB20}"
EndProject
Project("{2150E333-8FDC-42A3-9474-1A3956D46DE8}") = "Test", "Test", "{A0A83476-F06B-48C5-807B-ABAB7525FFE9}"
EndProject
Project("{8BC9CEB8-8B4A-11D0-8D11-00A0C91BC942}") = "SimpleNetGame", "TestProjects\SimpleNetGame\SimpleNetGame.vcxproj", "{C234F08C-EDA1-496E-BCDC-4EC6217F0C2C}"
EndProject
Project("{8BC9CEB8-8B4A-11D0-8D11-00A0C91BC942}") = "MageApp", "..\MageApp\MageApp.vcxproj", "{5CFA06FD-BC4D-402C-B13F-A001590AA2D4}"
EndProject
Project("{8BC9CEB8-8B4A-11D0-8D11-00A0C91BC942}") = "MageRenderer", "..\MageRenderer\MageRenderer.vcxproj", "{1CF0E7CA-DA80-46BB-805A-551BEE9BAD04}"
EndProject
Global
	GlobalSection(SolutionConfigurationPlatforms) = preSolution
		Debug|Win32 = Debug|Win32
		DebugInline|Win32 = DebugInline|Win32
		Release|Win32 = Release|Win32
	EndGlobalSection
	GlobalSection(ProjectConfigurationPlatforms) = postSolution
		{3311E5F1-A021-4F39-9CB2-AEAD5A9F55E5}.Debug|Win32.ActiveCfg = Debug|Win32
		{3311E5F1-A021-4F39-9CB2-AEAD5A9F55E5}.Debug|Win32.Build.0 = Debug|Win32
		{3311E5F1-A021-4F39-9CB2-AEAD5A9F55E5}.DebugInline|Win32.ActiveCfg = Debug|Win32
		{3311E5F1-A021-4F39-9CB2-AEAD5A9F55E5}.DebugInline|Win32.Build.0 = Debug|Win32
		{3311E5F1-A021-4F39-9CB2-AEAD5A9F55E5}.Release|Win32.ActiveCfg = Release|Win32
		{3311E5F1-A021-4F39-9CB2-AEAD5A9F55E5}.Release|Win32.Build.0 = Release|Win32
		{1C6EABE7-AEAE-44DE-8A4E-3D7F20F197CC}.Debug|Win32.ActiveCfg = Debug|Win32
		{1C6EABE7-AEAE-44DE-8A4E-3D7F20F197CC}.Debug|Win32.Build.0 = Debug|Win32
		{1C6EABE7-AEAE-44DE-8A4E-3D7F20F197CC}.DebugInline|Win32.ActiveCfg = Debug|Win32
		{1C6EABE7-AEAE-44DE-8A4E-3D7F20F197CC}.DebugInline|Win32.Build.0 = Debug|Win32
		{1C6EABE7-AEAE-44DE-8A4E-3D7F20F197CC}.Release|Win32.ActiveCfg = Release|Win32
		{1C6EABE7-AEAE-44DE-8A4E-3D7F20F197CC}.Release|Win32.Build.0 = Release|Win32
		{C90456B5-0A7F-47DD-BC30-889633B00F94}.Debug|Win32.ActiveCfg = Debug|Win32
		{C90456B5-0A7F-47DD-BC30-889633B00F94}.Debug|Win32.Build.0 = Debug|Win32
		{C90456B5-0A7F-47DD-BC30-889633B00F94}.DebugInline|Win32.ActiveCfg = Debug|Win32
		{C90456B5-0A7F-47DD-BC30-889633B00F94}.DebugInline|Win32.Build.0 = Debug|Win32
		{C90456B5-0A7F-47DD-BC30-889633B00F94}.Release|Win32.ActiveCfg = Release|Win32
		{C90456B5-0A7F-47DD-BC30-889633B00F94}.Release|Win32.Build.0 = Release|Win32
		{6619210F-3761-45A5-97A4-7DB220CE059C}.Debug|Win32.ActiveCfg = Debug|Win32
		{6619210F-3761-45A5-97A4-7DB220CE059C}.Debug|Win32.Build.0 = Debug|Win32
		{6619210F-3761-45A5-97A4-7DB220CE059C}.DebugInline|Win32.ActiveCfg = Debug|Win32
		{6619210F-3761-45A5-97A4-7DB220CE059C}.DebugInline|Win32.Build.0 = Debug|Win32
		{6619210F-3761-45A5-97A4-7DB220CE059C}.Release|Win32.ActiveCfg = Release|Win32
		{6619210F-3761-45A5-97A4-7DB220CE059C}.Release|Win32.Build.0 = Release|Win32
		{CF2592D2-C89B-4CC5-884D-E97CC1DCBB20}.Debug|Win32.ActiveCfg = Debug|Win32
		{CF2592D2-C89B-4CC5-884D-E97CC1DCBB20}.Debug|Win32.Build.0 = Debug|Win32
		{CF2592D2-C89B-4CC5-884D-E97CC1DCBB20}.DebugInline|Win32.ActiveCfg = DebugInline|Win32
		{CF2592D2-C89B-4CC5-884D-E97CC1DCBB20}.DebugInline|Win32.Build.0 = DebugInline|Win32
		{CF2592D2-C89B-4CC5-884D-E97CC1DCBB20}.Release|Win32.ActiveCfg = Release|Win32
		{CF2592D2-C89B-4CC5-884D-E97CC1DCBB20}.Release|Win32.Build.0 = Release|Win32
		{C234F08C-EDA1-496E-BCDC-4EC6217F0C2C}.Debug|Win32.ActiveCfg = Debug|Win32
		{C234F08C-EDA1-496E-BCDC-4EC6217F0C2C}.Debug|Win32.Build.0 = Debug|Win32
		{C234F08C-EDA1-496E-BCDC-4EC6217F0C2C}.DebugInline|Win32.ActiveCfg = Debug|Win32
		{C234F08C-EDA1-496E-BCDC-4EC6217F0C2C}.DebugInline|Win32.Build.0 = Debug|Win32
		{C234F08C-EDA1-496E-BCDC-4EC6217F0C2C}.Release|Win32.ActiveCfg = Release|Win32
		{C234F08C-EDA1-496E-BCDC-4EC6217F0C2C}.Release|Win32.Build.0 = Release|Win32
		{5CFA06FD-BC4D-402C-B13F-A001590AA2D4}.Debug|Win32.ActiveCfg = Debug|Win32
		{5CFA06FD-BC4D-402C-B13F-A001590AA2D4}.Debug|Win32.Build.0 = Debug|Win32
		{5CFA06FD-BC4D-402C-B13F-A001590AA2D4}.DebugInline|Win32.ActiveCfg = Debug|Win32
		{5CFA06FD-BC4D-402C-B13F-A001590AA2D4}.DebugInline|Win32.Build.0 = Debug|Win32
		{5CFA06FD-BC4D-402C-B13F-A001590AA2D4}.Release|Win32.ActiveCfg = Release|Win32
		{5CFA06FD-BC4D-402C-B13F-A001590AA2D4}.Release|Win32.Build.0 = Release|Win32
		{1CF0E7CA-DA80-46BB-805A-551BEE9BAD04}.Debug|Win32.ActiveCfg = Debug|Win32
		{1CF0E7CA-DA80-46BB-805A-551BEE9BAD04}.Debug|Win32.Build.0 = Debug|Win32
		{1CF0E7CA-DA80-46BB-805A-551BEE9BAD04}.DebugInline|Win32.ActiveCfg = Debug|Win32
		{1CF0E7CA-DA80-46BB-805A-551BEE9BAD04}.DebugInline|Win32.Build.0 = Debug|Win32
		{1CF0E7CA-DA80-46BB-805A-551BEE9BAD04}.Release|Win32.ActiveCfg = Release|Win32
		{1CF0E7CA-DA80-46BB-805A-551BEE9BAD04}.Release|Win32.Build.0 = Release|Win32
	EndGlobalSection
	GlobalSection(SolutionProperties) = preSolution
		HideSolutionNode = FALSE
	EndGlobalSection
	GlobalSection(NestedProjects) = preSolution
		{C90456B5-0A7F-47DD-BC30-889633B00F94} = {A0A83476-F06B-48C5-807B-ABAB7525FFE9}
		{1C6EABE7-AEAE-44DE-8A4E-3D7F20F197CC} = {A0A83476-F06B-48C5-807B-ABAB7525FFE9}
		{C234F08C-EDA1-496E-BCDC-4EC6217F0C2C} = {A0A83476-F06B-48C5-807B-ABAB7525FFE9}
		{6619210F-3761-45A5-97A4-7DB220CE059C} = {DFD80EC5-54CC-48E2-AB50-1A86ADDCCEAF}
		{CF2592D2-C89B-4CC5-884D-E97CC1DCBB20} = {DFD80EC5-54CC-48E2-AB50-1A86ADDCCEAF}
		{5CFA06FD-BC4D-402C-B13F-A001590AA2D4} = {DFD80EC5-54CC-48E2-AB50-1A86ADDCCEAF}
		{1CF0E7CA-DA80-46BB-805A-551BEE9BAD04} = {DFD80EC5-54CC-48E2-AB50-1A86ADDCCEAF}
	EndGlobalSection
EndGlobal
