<?xml version="1.0" encoding="utf-8"?>
<Project ToolsVersion="4.0" xmlns="http://schemas.microsoft.com/developer/msbuild/2003">
  <ItemGroup>
    <Filter Include="Source Files">
      <UniqueIdentifier>{4FC737F1-C7A5-4376-A066-2A32D752A2FF}</UniqueIdentifier>
      <Extensions>cpp;c;cc;cxx;def;odl;idl;hpj;bat;asm;asmx</Extensions>
    </Filter>
    <Filter Include="Header Files">
      <UniqueIdentifier>{93995380-89BD-4b04-88EB-625FBE52EBFB}</UniqueIdentifier>
      <Extensions>h;hpp;hxx;hm;inl;inc;xsd</Extensions>
    </Filter>
    <Filter Include="Header Files\IO">
      <UniqueIdentifier>{304a70ae-a911-4b5d-bdef-d06648727250}</UniqueIdentifier>
    </Filter>
    <Filter Include="Header Files\IO\Console">
      <UniqueIdentifier>{20660a52-a20a-419a-8cf5-b092cd68c4ff}</UniqueIdentifier>
    </Filter>
    <Filter Include="Source Files\IO">
      <UniqueIdentifier>{6ffd6570-8e6d-4994-9e06-c922fbf7d19a}</UniqueIdentifier>
    </Filter>
    <Filter Include="Source Files\IO\Console">
      <UniqueIdentifier>{a8c6121a-15bd-4e7a-ae15-f9d1bb876bb4}</UniqueIdentifier>
    </Filter>
    <Filter Include="Header Files\DataStructures">
      <UniqueIdentifier>{2be1bc39-4a19-4445-b6c1-901e142c8428}</UniqueIdentifier>
    </Filter>
    <Filter Include="Header Files\Util">
      <UniqueIdentifier>{d56b46ea-136b-4f1b-8d92-a93fa1e877a4}</UniqueIdentifier>
    </Filter>
    <Filter Include="Header Files\Types">
      <UniqueIdentifier>{b1fcd646-88c1-4e69-ad0c-f06eec99d7b9}</UniqueIdentifier>
    </Filter>
    <Filter Include="Header Files\Profiler">
      <UniqueIdentifier>{ee795432-db22-4ee3-b4c4-ce13f195741b}</UniqueIdentifier>
    </Filter>
    <Filter Include="Source Files\DataStructures">
      <UniqueIdentifier>{9d5be68a-5ce8-43f6-af33-c60fd094714c}</UniqueIdentifier>
    </Filter>
    <Filter Include="Header Files\Threads">
      <UniqueIdentifier>{9aeada06-f60d-48aa-9abc-215e26b5cd64}</UniqueIdentifier>
    </Filter>
    <Filter Include="Source Files\Threads">
      <UniqueIdentifier>{cf205074-ad32-4ecc-84e3-dbc05a1bd675}</UniqueIdentifier>
    </Filter>
    <Filter Include="Source Files\Util">
      <UniqueIdentifier>{54200902-a04b-407d-a35c-800c581a5823}</UniqueIdentifier>
    </Filter>
  </ItemGroup>
  <ItemGroup>
    <ClCompile Include="Assertion.cpp">
      <Filter>Source Files</Filter>
    </ClCompile>
    <ClCompile Include="Clock.cpp">
      <Filter>Source Files</Filter>
    </ClCompile>
    <ClCompile Include="Color.cpp">
      <Filter>Source Files</Filter>
    </ClCompile>
    <ClCompile Include="MageMemory.cpp">
      <Filter>Source Files</Filter>
    </ClCompile>
    <ClCompile Include="ProfilingSystem.cpp">
      <Filter>Source Files</Filter>
    </ClCompile>
    <ClCompile Include="IO\Console.cpp">
      <Filter>Source Files\IO\Console</Filter>
    </ClCompile>
    <ClCompile Include="IO\Console_Win32.cpp">
      <Filter>Source Files\IO\Console</Filter>
    </ClCompile>
    <ClCompile Include="Event.cpp">
      <Filter>Source Files</Filter>
    </ClCompile>
    <ClCompile Include="CoreLib.cpp">
      <Filter>Source Files</Filter>
    </ClCompile>
    <ClCompile Include="IO\FileSystem.cpp">
      <Filter>Source Files\IO</Filter>
    </ClCompile>
    <ClCompile Include="IO\FileSystem_Win32.cpp">
      <Filter>Source Files\IO</Filter>
    </ClCompile>
    <ClCompile Include="IO\DebugIO.cpp">
      <Filter>Source Files\IO</Filter>
    </ClCompile>
    <ClCompile Include="IO\DebugIO_Win32.cpp">
      <Filter>Source Files\IO</Filter>
    </ClCompile>
    <ClCompile Include="DataStructures\CommandArgs.cpp">
      <Filter>Source Files\DataStructures</Filter>
    </ClCompile>
    <ClCompile Include="DataStructures\Dictionary.cpp">
      <Filter>Source Files\DataStructures</Filter>
    </ClCompile>
    <ClCompile Include="Threads\Job.cpp">
      <Filter>Source Files\Threads</Filter>
    </ClCompile>
    <ClCompile Include="Threads\JobManager.cpp">
      <Filter>Source Files\Threads</Filter>
    </ClCompile>
    <ClCompile Include="Threads\Mutex_Win32.cpp">
      <Filter>Source Files\Threads</Filter>
    </ClCompile>
    <ClCompile Include="Threads\Thread_Win32.cpp">
      <Filter>Source Files\Threads</Filter>
    </ClCompile>
    <ClCompile Include="Util\XmlReader.cpp">
      <Filter>Source Files\Util</Filter>
    </ClCompile>
    <ClCompile Include="Util\StringUtil.cpp">
      <Filter>Source Files\Util</Filter>
    </ClCompile>
    <ClCompile Include="Util\BitHacks.cpp">
      <Filter>Source Files\Util</Filter>
    </ClCompile>
    <ClCompile Include="Util\XmlWriter.cpp">
      <Filter>Source Files\Util</Filter>
    </ClCompile>
    <ClCompile Include="Util\HashUtil.cpp">
      <Filter>Source Files\Util</Filter>
    </ClCompile>
  </ItemGroup>
  <ItemGroup>
    <ClInclude Include="Assertion.h">
      <Filter>Header Files</Filter>
    </ClInclude>
    <ClInclude Include="MageMemory.h">
      <Filter>Header Files</Filter>
    </ClInclude>
    <ClInclude Include="stl_headers.h">
      <Filter>Header Files</Filter>
    </ClInclude>
    <ClInclude Include="std_headers.h">
      <Filter>Header Files</Filter>
    </ClInclude>
    <ClInclude Include="IO\Console.h">
      <Filter>Header Files\IO\Console</Filter>
    </ClInclude>
    <ClInclude Include="DataStructures\CircularBuffer.h">
      <Filter>Header Files\DataStructures</Filter>
    </ClInclude>
    <ClInclude Include="DataStructures\CommandArgs.h">
      <Filter>Header Files\DataStructures</Filter>
    </ClInclude>
    <ClInclude Include="DataStructures\Dictionary.h">
      <Filter>Header Files\DataStructures</Filter>
    </ClInclude>
    <ClInclude Include="CoreLib.h">
      <Filter>Header Files</Filter>
    </ClInclude>
    <ClInclude Include="Color.h">
      <Filter>Header Files\Types</Filter>
    </ClInclude>
    <ClInclude Include="MageTypes.h">
      <Filter>Header Files\Types</Filter>
    </ClInclude>
    <ClInclude Include="Clock.h">
      <Filter>Header Files\Profiler</Filter>
    </ClInclude>
    <ClInclude Include="Clock.hpp">
      <Filter>Header Files\Profiler</Filter>
    </ClInclude>
    <ClInclude Include="ProfilingSystem.h">
      <Filter>Header Files\Profiler</Filter>
    </ClInclude>
    <ClInclude Include="Event.h">
      <Filter>Header Files</Filter>
    </ClInclude>
    <ClInclude Include="IO\DebugIO.h">
      <Filter>Header Files\IO</Filter>
    </ClInclude>
    <ClInclude Include="IO\FileSystem.h">
      <Filter>Header Files\IO</Filter>
    </ClInclude>
    <ClInclude Include="Threads\Job.h">
      <Filter>Header Files\Threads</Filter>
    </ClInclude>
    <ClInclude Include="Threads\JobManager.h">
      <Filter>Header Files\Threads</Filter>
    </ClInclude>
    <ClInclude Include="Threads\Mutex.h">
      <Filter>Header Files\Threads</Filter>
    </ClInclude>
    <ClInclude Include="Threads\Thread.h">
      <Filter>Header Files\Threads</Filter>
    </ClInclude>
    <ClInclude Include="Util\HashUtil.h">
      <Filter>Header Files\Util</Filter>
    </ClInclude>
    <ClInclude Include="Util\StringUtil.h">
      <Filter>Header Files\Util</Filter>
    </ClInclude>
    <ClInclude Include="Util\XmlReader.h">
      <Filter>Header Files\Util</Filter>
    </ClInclude>
    <ClInclude Include="Util\BitHacks.h">
      <Filter>Header Files\Util</Filter>
    </ClInclude>
    <ClInclude Include="MageCore.h">
      <Filter>Header Files</Filter>
    </ClInclude>
    <ClInclude Include="Util\XmlWriter.h">
      <Filter>Header Files\Util</Filter>
    </ClInclude>
    <ClInclude Include="Util\tinyxmlPrinter.h">
      <Filter>Header Files\IO</Filter>
    </ClInclude>
  </ItemGroup>
</Project>