<?xml version="1.0" encoding="utf-8"?>
<Project ToolsVersion="4.0" xmlns="http://schemas.microsoft.com/developer/msbuild/2003">
  <ItemGroup>
    <Filter Include="Source Files">
      <UniqueIdentifier>{4FC737F1-C7A5-4376-A066-2A32D752A2FF}</UniqueIdentifier>
      <Extensions>cpp;c;cc;cxx;def;odl;idl;hpj;bat;asm;asmx</Extensions>
    </Filter>
    <Filter Include="Header Files">
      <UniqueIdentifier>{93995380-89BD-4b04-88EB-625FBE52EBFB}</UniqueIdentifier>
      <Extensions>h;hpp;hxx;hm;inl;inc;xsd</Extensions>
    </Filter>
    <Filter Include="Algebra">
      <UniqueIdentifier>{07382712-0a4b-493c-a011-d6e3f9e7c323}</UniqueIdentifier>
    </Filter>
    <Filter Include="Numerics">
      <UniqueIdentifier>{ef732750-95a2-4214-9f9f-d4c7e1cfae54}</UniqueIdentifier>
    </Filter>
    <Filter Include="Geometry">
      <UniqueIdentifier>{ee7add6b-9834-43f1-9737-2ace58e1f5a7}</UniqueIdentifier>
    </Filter>
    <Filter Include="DataStructures">
      <UniqueIdentifier>{9064c6ae-d991-4bde-8c1a-06d8e24debfd}</UniqueIdentifier>
    </Filter>
  </ItemGroup>
  <ItemGroup>
    <ClInclude Include="MageMath.h">
      <Filter>Header Files</Filter>
    </ClInclude>
    <ClInclude Include="MathUtil.h">
      <Filter>Header Files</Filter>
    </ClInclude>
    <ClInclude Include="Algebra\Matrix3.h">
      <Filter>Algebra</Filter>
    </ClInclude>
    <ClInclude Include="Algebra\Matrix4.h">
      <Filter>Algebra</Filter>
    </ClInclude>
    <ClInclude Include="Algebra\Quaternion.h">
      <Filter>Algebra</Filter>
    </ClInclude>
    <ClInclude Include="Algebra\Vector2.h">
      <Filter>Algebra</Filter>
    </ClInclude>
    <ClInclude Include="Algebra\Vector3.h">
      <Filter>Algebra</Filter>
    </ClInclude>
    <ClInclude Include="Algebra\Vector4.h">
      <Filter>Algebra</Filter>
    </ClInclude>
    <ClInclude Include="Geometry\AABox.h">
      <Filter>Geometry</Filter>
    </ClInclude>
    <ClInclude Include="Geometry\Box.h">
      <Filter>Geometry</Filter>
    </ClInclude>
    <ClInclude Include="Geometry\Frustum.h">
      <Filter>Geometry</Filter>
    </ClInclude>
    <ClInclude Include="Geometry\Geometry.h">
      <Filter>Geometry</Filter>
    </ClInclude>
    <ClInclude Include="Geometry\Intersection.h">
      <Filter>Geometry</Filter>
    </ClInclude>
    <ClInclude Include="Geometry\Line.h">
      <Filter>Geometry</Filter>
    </ClInclude>
    <ClInclude Include="Geometry\Plane.h">
      <Filter>Geometry</Filter>
    </ClInclude>
    <ClInclude Include="Geometry\Sphere.h">
      <Filter>Geometry</Filter>
    </ClInclude>
    <ClInclude Include="Numerics\Integrators.h">
      <Filter>Numerics</Filter>
    </ClInclude>
    <ClInclude Include="Numerics\Plotter.h">
      <Filter>Numerics</Filter>
    </ClInclude>
    <ClInclude Include="Numerics\Plotter.hpp">
      <Filter>Numerics</Filter>
    </ClInclude>
    <ClInclude Include="Numerics\Range.h">
      <Filter>Numerics</Filter>
    </ClInclude>
    <ClInclude Include="Numerics\RNG.h">
      <Filter>Numerics</Filter>
    </ClInclude>
    <ClInclude Include="Numerics\WeightedRandom.h">
      <Filter>Numerics</Filter>
    </ClInclude>
    <ClInclude Include="DataStructures\Array.h">
      <Filter>DataStructures</Filter>
    </ClInclude>
    <ClInclude Include="DataStructures\Array2.h">
      <Filter>DataStructures</Filter>
    </ClInclude>
    <ClInclude Include="DataStructures\FloatArray.h">
      <Filter>DataStructures</Filter>
    </ClInclude>
    <ClInclude Include="Geometry\Rect.h">
      <Filter>Geometry</Filter>
    </ClInclude>
    <ClInclude Include="Geometry\Rect.hpp">
      <Filter>Geometry</Filter>
    </ClInclude>
    <ClInclude Include="Numerics\FixedPoint.h">
      <Filter>Numerics</Filter>
    </ClInclude>
    <ClInclude Include="Algebra\Matrix2.h">
      <Filter>Algebra</Filter>
    </ClInclude>
  </ItemGroup>
  <ItemGroup>
    <ClCompile Include="MathUtil.cpp">
      <Filter>Source Files</Filter>
    </ClCompile>
    <ClCompile Include="Algebra\Matrix3.cpp">
      <Filter>Algebra</Filter>
    </ClCompile>
    <ClCompile Include="Algebra\Matrix4.cpp">
      <Filter>Algebra</Filter>
    </ClCompile>
    <ClCompile Include="Algebra\Quaternion.cpp">
      <Filter>Algebra</Filter>
    </ClCompile>
    <ClCompile Include="Algebra\Vector2.cpp">
      <Filter>Algebra</Filter>
    </ClCompile>
    <ClCompile Include="Algebra\Vector3.cpp">
      <Filter>Algebra</Filter>
    </ClCompile>
    <ClCompile Include="Algebra\Vector4.cpp">
      <Filter>Algebra</Filter>
    </ClCompile>
    <ClCompile Include="Geometry\Frustum.cpp">
      <Filter>Geometry</Filter>
    </ClCompile>
    <ClCompile Include="Geometry\Intersection.cpp">
      <Filter>Geometry</Filter>
    </ClCompile>
    <ClCompile Include="Numerics\Integrators.cpp">
      <Filter>Numerics</Filter>
    </ClCompile>
    <ClCompile Include="Numerics\RNG.cpp">
      <Filter>Numerics</Filter>
    </ClCompile>
    <ClCompile Include="Algebra\Matrix2.cpp">
      <Filter>Algebra</Filter>
    </ClCompile>
  </ItemGroup>
</Project>